
Microsoft Visual Studio Solution File, Format Version 12.00
# Visual Studio Version 17
VisualStudioVersion = 17.3.32929.385
MinimumVisualStudioVersion = 10.0.40219.1
Project("{FAE04EC0-301F-11D3-BF4B-00C04F79EFBC}") = "QueueTrigger", "QueueTrigger\QueueTrigger.csproj", "{83794377-DCDB-48F7-A67B-0D6106BE3CE0}"
EndProject
Global
	GlobalSection(SolutionConfigurationPlatforms) = preSolution
		Debug|Any CPU = Debug|Any CPU
		Release|Any CPU = Release|Any CPU
	EndGlobalSection
	GlobalSection(ProjectConfigurationPlatforms) = postSolution
		{83794377-DCDB-48F7-A67B-0D6106BE3CE0}.Debug|Any CPU.ActiveCfg = Debug|Any CPU
		{83794377-DCDB-48F7-A67B-0D6106BE3CE0}.Debug|Any CPU.Build.0 = Debug|Any CPU
		{83794377-DCDB-48F7-A67B-0D6106BE3CE0}.Release|Any CPU.ActiveCfg = Release|Any CPU
		{83794377-DCDB-48F7-A67B-0D6106BE3CE0}.Release|Any CPU.Build.0 = Release|Any CPU
	EndGlobalSection
	GlobalSection(SolutionProperties) = preSolution
		HideSolutionNode = FALSE
	EndGlobalSection
	GlobalSection(ExtensibilityGlobals) = postSolution
		SolutionGuid = {A3582CDB-6CCF-4964-8FEF-5E9C8DE1DD9E}
	EndGlobalSection
EndGlobal
